
Microsoft Visual Studio Solution File, Format Version 12.00
# Visual Studio 2013
Project("{8BC9CEB8-8B4A-11D0-8D11-00A0C91BC942}") = "ProjectWendy", "Intermediate\ProjectFiles\ProjectWendy.vcxproj", "{4F4CA570-358F-46A3-9ECC-6F63E85C38A9}"
	ProjectSection(ProjectDependencies) = postProject
	EndProjectSection
EndProject
Global
	GlobalSection(SolutionConfigurationPlatforms) = preSolution
		DebugGame Editor|Windows = DebugGame Editor|Windows
		DebugGame|Windows = DebugGame|Windows
		Development Editor|Windows = Development Editor|Windows
		Development|Windows = Development|Windows
		Shipping|Windows = Shipping|Windows
	EndGlobalSection
	GlobalSection(ProjectConfigurationPlatforms) = postSolution
		{4F4CA570-358F-46A3-9ECC-6F63E85C38A9}.DebugGame Editor|Windows.ActiveCfg = DebugGame_Editor|x64
		{4F4CA570-358F-46A3-9ECC-6F63E85C38A9}.DebugGame Editor|Windows.Build.0 = DebugGame_Editor|x64
		{4F4CA570-358F-46A3-9ECC-6F63E85C38A9}.DebugGame|Windows.ActiveCfg = DebugGame_RocketGame|x64
		{4F4CA570-358F-46A3-9ECC-6F63E85C38A9}.DebugGame|Windows.Build.0 = DebugGame_RocketGame|x64
		{4F4CA570-358F-46A3-9ECC-6F63E85C38A9}.Development Editor|Windows.ActiveCfg = Development_Editor|x64
		{4F4CA570-358F-46A3-9ECC-6F63E85C38A9}.Development Editor|Windows.Build.0 = Development_Editor|x64
		{4F4CA570-358F-46A3-9ECC-6F63E85C38A9}.Development|Windows.ActiveCfg = Development_RocketGame|x64
		{4F4CA570-358F-46A3-9ECC-6F63E85C38A9}.Development|Windows.Build.0 = Development_RocketGame|x64
		{4F4CA570-358F-46A3-9ECC-6F63E85C38A9}.Shipping|Windows.ActiveCfg = Shipping_RocketGame|Win32
		{4F4CA570-358F-46A3-9ECC-6F63E85C38A9}.Shipping|Windows.Build.0 = Shipping_RocketGame|Win32
	EndGlobalSection
	GlobalSection(SolutionProperties) = preSolution
		HideSolutionNode = FALSE
	EndGlobalSection
	GlobalSection(NestedProjects) = preSolution
	EndGlobalSection
EndGlobal
